PODS:
  - BridSDK (1.5.1):
    - GoogleAds-IMA-iOS-SDK
  - BridSDKDynamicProtobuf (1.0.0)
  - Flutter (1.0.0)
  - google-cast-sdk (4.8.4)
  - GoogleAds-IMA-iOS-SDK (3.28.10)
  - integration_test (0.0.1):
    - Flutter
  - PrebidMobile (3.1.1):
    - PrebidMobile/core (= 3.1.1)
  - PrebidMobile/core (3.1.1)
  - targetvideo_flutter_plugin (1.0.2):
    - BridSDK
    - BridSDKDynamicProtobuf
    - Flutter
    - google-cast-sdk
    - PrebidMobile

DEPENDENCIES:
  - Flutter (from `Flutter`)
  - integration_test (from `.symlinks/plugins/integration_test/ios`)
  - targetvideo_flutter_plugin (from `.symlinks/plugins/targetvideo_flutter_plugin/ios`)

SPEC REPOS:
  trunk:
    - BridSDK
    - BridSDKDynamicProtobuf
    - google-cast-sdk
    - GoogleAds-IMA-iOS-SDK
    - PrebidMobile

EXTERNAL SOURCES:
  Flutter:
    :path: Flutter
  integration_test:
    :path: ".symlinks/plugins/integration_test/ios"
  targetvideo_flutter_plugin:
    :path: ".symlinks/plugins/targetvideo_flutter_plugin/ios"

SPEC CHECKSUMS:
  BridSDK: a650a91cf37ee0cffb79508d356ad328d2783118
  BridSDKDynamicProtobuf: aaa75ff2fb2859c07e55566e1618d2bf4987ad52
  Flutter: e0871f40cf51350855a761d2e70bf5af5b9b5de7
  google-cast-sdk: 32f65af50d164e3c475e79ad123db3cc26fbcd37
  GoogleAds-IMA-iOS-SDK: 6053ea77620229f1f10fccf9a4e4a35ad05d120f
  integration_test: 4a889634ef21a45d28d50d622cf412dc6d9f586e
  PrebidMobile: 034747533a7efd2e3394e20072e4b7005b0fd715
  targetvideo_flutter_plugin: 4e55063ea367d55e5d4f09592244e8ee20a5fbd9

PODFILE CHECKSUM: 65727b66bde4a45ca27b8c5a31ee5a3b20382993

COCOAPODS: 1.16.2
