PODS:
  - BridSDK (1.5.0):
    - GoogleAds-IMA-iOS-SDK
  - Flutter (1.0.0)
  - google-cast-sdk (4.8.3):
    - Protobuf (~> 3.13)
  - GoogleAds-IMA-iOS-SDK (3.26.1)
  - integration_test (0.0.1):
    - Flutter
  - PrebidMobile (3.0.2):
    - PrebidMobile/core (= 3.0.2)
  - PrebidMobile/core (3.0.2)
  - Protobuf (3.29.5)
  - targetvideo_flutter_plugin (1.0.2):
    - BridSDK
    - Flutter
    - google-cast-sdk
    - PrebidMobile

DEPENDENCIES:
  - Flutter (from `Flutter`)
  - integration_test (from `.symlinks/plugins/integration_test/ios`)
  - targetvideo_flutter_plugin (from `.symlinks/plugins/targetvideo_flutter_plugin/ios`)

SPEC REPOS:
  trunk:
    - BridSDK
    - google-cast-sdk
    - GoogleAds-IMA-iOS-SDK
    - PrebidMobile
    - Protobuf

EXTERNAL SOURCES:
  Flutter:
    :path: Flutter
  integration_test:
    :path: ".symlinks/plugins/integration_test/ios"
  targetvideo_flutter_plugin:
    :path: ".symlinks/plugins/targetvideo_flutter_plugin/ios"

SPEC CHECKSUMS:
  BridSDK: 02021cd4e15ee2ea4449d7239de8e1420383a92b
  Flutter: e0871f40cf51350855a761d2e70bf5af5b9b5de7
  google-cast-sdk: 1fb6724e94cc5ff23b359176e0cf6360586bb97a
  GoogleAds-IMA-iOS-SDK: 10b8f194e7cd2714d4de9a0587c46c8aaf06c620
  integration_test: 252f60fa39af5e17c3aa9899d35d908a0721b573
  PrebidMobile: b30c7fc32ebfa6a300879b10b5d01eddcdfd9197
  Protobuf: 164aea2ae380c3951abdc3e195220c01d17400e0
  targetvideo_flutter_plugin: c937db8f9e7f82dba09968703a16a9e67bc5a946

PODFILE CHECKSUM: b8b6e418176e57bc864d7254a05075a3714e37bb

COCOAPODS: 1.16.2
